
Microsoft Visual Studio Solution File, Format Version 12.00
# Visual Studio Version 16
VisualStudioVersion = 16.0.29728.190
MinimumVisualStudioVersion = 10.0.40219.1
Project("{9A19103F-16F7-4668-BE54-9A1E7A4F7556}") = "CsharpNullReferenceTypesCheckpoint", "CsharpNullReferenceTypesCheckpoint.csproj", "{B306F07D-D34B-40AF-9FFB-59E320A17ED7}"
EndProject
Global
	GlobalSection(SolutionConfigurationPlatforms) = preSolution
		Debug|Any CPU = Debug|Any CPU
		Release|Any CPU = Release|Any CPU
	EndGlobalSection
	GlobalSection(ProjectConfigurationPlatforms) = postSolution
		{B306F07D-D34B-40AF-9FFB-59E320A17ED7}.Debug|Any CPU.ActiveCfg = Debug|Any CPU
		{B306F07D-D34B-40AF-9FFB-59E320A17ED7}.Debug|Any CPU.Build.0 = Debug|Any CPU
		{B306F07D-D34B-40AF-9FFB-59E320A17ED7}.Release|Any CPU.ActiveCfg = Release|Any CPU
		{B306F07D-D34B-40AF-9FFB-59E320A17ED7}.Release|Any CPU.Build.0 = Release|Any CPU
	EndGlobalSection
	GlobalSection(SolutionProperties) = preSolution
		HideSolutionNode = FALSE
	EndGlobalSection
	GlobalSection(ExtensibilityGlobals) = postSolution
		SolutionGuid = {B7CAAB88-3293-4A2E-A6F4-2D2095895F20}
	EndGlobalSection
EndGlobal
